# THIS IS AN AUTOGENERATED FILE. DO NOT EDIT THIS FILE DIRECTLY.
# yarn lockfile v1


"@skamentskiy/jrpc@https://github.com/skamenetskiy/jrpc#v0.0.4":
  version "0.0.4"
  resolved "https://github.com/skamenetskiy/jrpc#8c9e7f275c0ae9fee1f674637f92d3c8886ffa67"

commander@^12.0.0:
  version "12.0.0"
  resolved "https://registry.yarnpkg.com/commander/-/commander-12.0.0.tgz#b929db6df8546080adfd004ab215ed48cf6f2592"
  integrity sha512-MwVNWlYjDTtOjX5PiD7o5pK0UrFU/OYgcJfjjK4RaHZETNtjJqrZa9Y9ds88+A+f+d5lv+561eZ+yCKoS3gbAA==

yaml@^2.4.1:
  version "2.4.1"
  resolved "https://registry.yarnpkg.com/yaml/-/yaml-2.4.1.tgz#2e57e0b5e995292c25c75d2658f0664765210eed"
  integrity sha512-pIXzoImaqmfOrL7teGUBt/T7ZDnyeGBWyXQBvOVhLkWLN37GXv8NMLK406UY6dS51JfcQHsmcW5cJ441bHg6Lg==
